
Microsoft Visual Studio Solution File, Format Version 12.00
# Visual Studio 2015
Project("{FAE04EC0-301F-11D3-BF4B-00C04F79EFBC}") = "GAMEPRODEV1_CarCombatGame.CSharp.Plugins", "GAMEPRODEV1_CarCombatGame.CSharp.Plugins.csproj", "{BC56334B-0A7C-7516-0C91-C157B7D065A7}"
EndProject
Project("{FAE04EC0-301F-11D3-BF4B-00C04F79EFBC}") = "GAMEPRODEV1_CarCombatGame.CSharp", "GAMEPRODEV1_CarCombatGame.CSharp.csproj", "{98B4DB44-64C1-8363-29E4-9124E8E624CE}"
EndProject
Project("{FAE04EC0-301F-11D3-BF4B-00C04F79EFBC}") = "GAMEPRODEV1_CarCombatGame.CSharp.Editor.Plugins", "GAMEPRODEV1_CarCombatGame.CSharp.Editor.Plugins.csproj", "{C65BF28C-03C4-11D2-CB67-FAAF5612073C}"
EndProject
Project("{FAE04EC0-301F-11D3-BF4B-00C04F79EFBC}") = "GAMEPRODEV1_CarCombatGame.CSharp.Editor", "GAMEPRODEV1_CarCombatGame.CSharp.Editor.csproj", "{92248043-18DC-1B09-36E2-E88145C7F01D}"
EndProject
Global
	GlobalSection(SolutionConfigurationPlatforms) = preSolution
		Debug|Any CPU = Debug|Any CPU
		Release|Any CPU = Release|Any CPU
	EndGlobalSection
	GlobalSection(ProjectConfigurationPlatforms) = postSolution
		{BC56334B-0A7C-7516-0C91-C157B7D065A7}.Debug|Any CPU.ActiveCfg = Debug|Any CPU
		{BC56334B-0A7C-7516-0C91-C157B7D065A7}.Debug|Any CPU.Build.0 = Debug|Any CPU
		{BC56334B-0A7C-7516-0C91-C157B7D065A7}.Release|Any CPU.ActiveCfg = Release|Any CPU
		{BC56334B-0A7C-7516-0C91-C157B7D065A7}.Release|Any CPU.Build.0 = Release|Any CPU
		{98B4DB44-64C1-8363-29E4-9124E8E624CE}.Debug|Any CPU.ActiveCfg = Debug|Any CPU
		{98B4DB44-64C1-8363-29E4-9124E8E624CE}.Debug|Any CPU.Build.0 = Debug|Any CPU
		{98B4DB44-64C1-8363-29E4-9124E8E624CE}.Release|Any CPU.ActiveCfg = Release|Any CPU
		{98B4DB44-64C1-8363-29E4-9124E8E624CE}.Release|Any CPU.Build.0 = Release|Any CPU
		{C65BF28C-03C4-11D2-CB67-FAAF5612073C}.Debug|Any CPU.ActiveCfg = Debug|Any CPU
		{C65BF28C-03C4-11D2-CB67-FAAF5612073C}.Debug|Any CPU.Build.0 = Debug|Any CPU
		{C65BF28C-03C4-11D2-CB67-FAAF5612073C}.Release|Any CPU.ActiveCfg = Release|Any CPU
		{C65BF28C-03C4-11D2-CB67-FAAF5612073C}.Release|Any CPU.Build.0 = Release|Any CPU
		{92248043-18DC-1B09-36E2-E88145C7F01D}.Debug|Any CPU.ActiveCfg = Debug|Any CPU
		{92248043-18DC-1B09-36E2-E88145C7F01D}.Debug|Any CPU.Build.0 = Debug|Any CPU
		{92248043-18DC-1B09-36E2-E88145C7F01D}.Release|Any CPU.ActiveCfg = Release|Any CPU
		{92248043-18DC-1B09-36E2-E88145C7F01D}.Release|Any CPU.Build.0 = Release|Any CPU
	EndGlobalSection
	GlobalSection(SolutionProperties) = preSolution
		HideSolutionNode = FALSE
	EndGlobalSection
EndGlobal
